// !$*UTF8*$!
{
	archiveVersion = 1;
	classes = {
	};
	objectVersion = 46;
	objects = {

/* Begin PBXBuildFile section */
		76A7C1B81BA8EC9500116FE9 /* AppDelegate.swift in Sources */ = {isa = PBXBuildFile; fileRef = 76A7C1B71BA8EC9500116FE9 /* AppDelegate.swift */; };
		76A7C1BA1BA8EC9500116FE9 /* ViewController.swift in Sources */ = {isa = PBXBuildFile; fileRef = 76A7C1B91BA8EC9500116FE9 /* ViewController.swift */; };
		76A7C1BD1BA8EC9500116FE9 /* Main.storyboard in Resources */ = {isa = PBXBuildFile; fileRef = 76A7C1BB1BA8EC9500116FE9 /* Main.storyboard */; };
		76A7C1BF1BA8EC9500116FE9 /* Assets.xcassets in Resources */ = {isa = PBXBuildFile; fileRef = 76A7C1BE1BA8EC9500116FE9 /* Assets.xcassets */; };
		76A7C1C21BA8EC9500116FE9 /* LaunchScreen.storyboard in Resources */ = {isa = PBXBuildFile; fileRef = 76A7C1C01BA8EC9500116FE9 /* LaunchScreen.storyboard */; };
		76A7C1CD1BA8EC9500116FE9 /* assignment1Tests.swift in Sources */ = {isa = PBXBuildFile; fileRef = 76A7C1CC1BA8EC9500116FE9 /* assignment1Tests.swift */; };
		76A7C1D81BA8EC9500116FE9 /* assignment1UITests.swift in Sources */ = {isa = PBXBuildFile; fileRef = 76A7C1D71BA8EC9500116FE9 /* assignment1UITests.swift */; };
/* End PBXBuildFile section */

/* Begin PBXContainerItemProxy section */
		76A7C1C91BA8EC9500116FE9 /* PBXContainerItemProxy */ = {
			isa = PBXContainerItemProxy;
			containerPortal = 76A7C1AC1BA8EC9500116FE9 /* Project object */;
			proxyType = 1;
			remoteGlobalIDString = 76A7C1B31BA8EC9500116FE9;
			remoteInfo = assignment1;
		};
		76A7C1D41BA8EC9500116FE9 /* PBXContainerItemProxy */ = {
			isa = PBXContainerItemProxy;
			containerPortal = 76A7C1AC1BA8EC9500116FE9 /* Project object */;
			proxyType = 1;
			remoteGlobalIDString = 76A7C1B31BA8EC9500116FE9;
			remoteInfo = assignment1;
		};
/* End PBXContainerItemProxy section */

/* Begin PBXFileReference section */
		76A7C1B41BA8EC9500116FE9 /* assignment1.app */ = {isa = PBXFileReference; explicitFileType = wrapper.application; includeInIndex = 0; path = assignment1.app; sourceTree = BUILT_PRODUCTS_DIR; };
		76A7C1B71BA8EC9500116FE9 /* AppDelegate.swift */ = {isa = PBXFileReference; lastKnownFileType = sourcecode.swift; path = AppDelegate.swift; sourceTree = "<group>"; };
		76A7C1B91BA8EC9500116FE9 /* ViewController.swift */ = {isa = PBXFileReference; lastKnownFileType = sourcecode.swift; path = ViewController.swift; sourceTree = "<group>"; };
		76A7C1BC1BA8EC9500116FE9 /* Base */ = {isa = PBXFileReference; lastKnownFileType = file.storyboard; name = Base; path = Base.lproj/Main.storyboard; sourceTree = "<group>"; };
		76A7C1BE1BA8EC9500116FE9 /* Assets.xcassets */ = {isa = PBXFileReference; lastKnownFileType = folder.assetcatalog; path = Assets.xcassets; sourceTree = "<group>"; };
		76A7C1C11BA8EC9500116FE9 /* Base */ = {isa = PBXFileReference; lastKnownFileType = file.storyboard; name = Base; path = Base.lproj/LaunchScreen.storyboard; sourceTree = "<group>"; };
		76A7C1C31BA8EC9500116FE9 /* Info.plist */ = {isa = PBXFileReference; lastKnownFileType = text.plist.xml; path = Info.plist; sourceTree = "<group>"; };
		76A7C1C81BA8EC9500116FE9 /* assignment1Tests.xctest */ = {isa = PBXFileReference; explicitFileType = wrapper.cfbundle; includeInIndex = 0; path = assignment1Tests.xctest; sourceTree = BUILT_PRODUCTS_DIR; };
		76A7C1CC1BA8EC9500116FE9 /* assignment1Tests.swift */ = {isa = PBXFileReference; lastKnownFileType = sourcecode.swift; path = assignment1Tests.swift; sourceTree = "<group>"; };
		76A7C1CE1BA8EC9500116FE9 /* Info.plist */ = {isa = PBXFileReference; lastKnownFileType = text.plist.xml; path = Info.plist; sourceTree = "<group>"; };
		76A7C1D31BA8EC9500116FE9 /* assignment1UITests.xctest */ = {isa = PBXFileReference; explicitFileType = wrapper.cfbundle; includeInIndex = 0; path = assignment1UITests.xctest; sourceTree = BUILT_PRODUCTS_DIR; };
		76A7C1D71BA8EC9500116FE9 /* assignment1UITests.swift */ = {isa = PBXFileReference; lastKnownFileType = sourcecode.swift; path = assignment1UITests.swift; sourceTree = "<group>"; };
		76A7C1D91BA8EC9500116FE9 /* Info.plist */ = {isa = PBXFileReference; lastKnownFileType = text.plist.xml; path = Info.plist; sourceTree = "<group>"; };
/* End PBXFileReference section */

/* Begin PBXFrameworksBuildPhase section */
		76A7C1B11BA8EC9500116FE9 /* Frameworks */ = {
			isa = PBXFrameworksBuildPhase;
			buildActionMask = 2147483647;
			files = (
			);
			runOnlyForDeploymentPostprocessing = 0;
		};
		76A7C1C51BA8EC9500116FE9 /* Frameworks */ = {
			isa = PBXFrameworksBuildPhase;
			buildActionMask = 2147483647;
			files = (
			);
			runOnlyForDeploymentPostprocessing = 0;
		};
		76A7C1D01BA8EC9500116FE9 /* Frameworks */ = {
			isa = PBXFrameworksBuildPhase;
			buildActionMask = 2147483647;
			files = (
			);
			runOnlyForDeploymentPostprocessing = 0;
		};
/* End PBXFrameworksBuildPhase section */

/* Begin PBXGroup section */
		76A7C1AB1BA8EC9500116FE9 = {
			isa = PBXGroup;
			children = (
				76A7C1B61BA8EC9500116FE9 /* assignment1 */,
				76A7C1CB1BA8EC9500116FE9 /* assignment1Tests */,
				76A7C1D61BA8EC9500116FE9 /* assignment1UITests */,
				76A7C1B51BA8EC9500116FE9 /* Products */,
			);
			sourceTree = "<group>";
		};
		76A7C1B51BA8EC9500116FE9 /* Products */ = {
			isa = PBXGroup;
			children = (
				76A7C1B41BA8EC9500116FE9 /* assignment1.app */,
				76A7C1C81BA8EC9500116FE9 /* assignment1Tests.xctest */,
				76A7C1D31BA8EC9500116FE9 /* assignment1UITests.xctest */,
			);
			name = Products;
			sourceTree = "<group>";
		};
		76A7C1B61BA8EC9500116FE9 /* assignment1 */ = {
			isa = PBXGroup;
			children = (
				76A7C1B71BA8EC9500116FE9 /* AppDelegate.swift */,
				76A7C1B91BA8EC9500116FE9 /* ViewController.swift */,
				76A7C1BB1BA8EC9500116FE9 /* Main.storyboard */,
				76A7C1BE1BA8EC9500116FE9 /* Assets.xcassets */,
				76A7C1C01BA8EC9500116FE9 /* LaunchScreen.storyboard */,
				76A7C1C31BA8EC9500116FE9 /* Info.plist */,
			);
			path = assignment1;
			sourceTree = "<group>";
		};
		76A7C1CB1BA8EC9500116FE9 /* assignment1Tests */ = {
			isa = PBXGroup;
			children = (
				76A7C1CC1BA8EC9500116FE9 /* assignment1Tests.swift */,
				76A7C1CE1BA8EC9500116FE9 /* Info.plist */,
			);
			path = assignment1Tests;
			sourceTree = "<group>";
		};
		76A7C1D61BA8EC9500116FE9 /* assignment1UITests */ = {
			isa = PBXGroup;
			children = (
				76A7C1D71BA8EC9500116FE9 /* assignment1UITests.swift */,
				76A7C1D91BA8EC9500116FE9 /* Info.plist */,
			);
			path = assignment1UITests;
			sourceTree = "<group>";
		};
/* End PBXGroup section */

/* Begin PBXNativeTarget section */
		76A7C1B31BA8EC9500116FE9 /* assignment1 */ = {
			isa = PBXNativeTarget;
			buildConfigurationList = 76A7C1DC1BA8EC9500116FE9 /* Build configuration list for PBXNativeTarget "assignment1" */;
			buildPhases = (
				76A7C1B01BA8EC9500116FE9 /* Sources */,
				76A7C1B11BA8EC9500116FE9 /* Frameworks */,
				76A7C1B21BA8EC9500116FE9 /* Resources */,
			);
			buildRules = (
			);
			dependencies = (
			);
			name = assignment1;
			productName = assignment1;
			productReference = 76A7C1B41BA8EC9500116FE9 /* assignment1.app */;
			productType = "com.apple.product-type.application";
		};
		76A7C1C71BA8EC9500116FE9 /* assignment1Tests */ = {
			isa = PBXNativeTarget;
			buildConfigurationList = 76A7C1DF1BA8EC9500116FE9 /* Build configuration list for PBXNativeTarget "assignment1Tests" */;
			buildPhases = (
				76A7C1C41BA8EC9500116FE9 /* Sources */,
				76A7C1C51BA8EC9500116FE9 /* Frameworks */,
				76A7C1C61BA8EC9500116FE9 /* Resources */,
			);
			buildRules = (
			);
			dependencies = (
				76A7C1CA1BA8EC9500116FE9 /* PBXTargetDependency */,
			);
			name = assignment1Tests;
			productName = assignment1Tests;
			productReference = 76A7C1C81BA8EC9500116FE9 /* assignment1Tests.xctest */;
			productType = "com.apple.product-type.bundle.unit-test";
		};
		76A7C1D21BA8EC9500116FE9 /* assignment1UITests */ = {
			isa = PBXNativeTarget;
			buildConfigurationList = 76A7C1E21BA8EC9500116FE9 /* Build configuration list for PBXNativeTarget "assignment1UITests" */;
			buildPhases = (
				76A7C1CF1BA8EC9500116FE9 /* Sources */,
				76A7C1D01BA8EC9500116FE9 /* Frameworks */,
				76A7C1D11BA8EC9500116FE9 /* Resources */,
			);
			buildRules = (
			);
			dependencies = (
				76A7C1D51BA8EC9500116FE9 /* PBXTargetDependency */,
			);
			name = assignment1UITests;
			productName = assignment1UITests;
			productReference = 76A7C1D31BA8EC9500116FE9 /* assignment1UITests.xctest */;
			productType = "com.apple.product-type.bundle.ui-testing";
		};
/* End PBXNativeTarget section */

/* Begin PBXProject section */
		76A7C1AC1BA8EC9500116FE9 /* Project object */ = {
			isa = PBXProject;
			attributes = {
				LastUpgradeCheck = 0700;
				ORGANIZATIONNAME = "James Dillard";
				TargetAttributes = {
					76A7C1B31BA8EC9500116FE9 = {
						CreatedOnToolsVersion = 7.0;
					};
					76A7C1C71BA8EC9500116FE9 = {
						CreatedOnToolsVersion = 7.0;
						TestTargetID = 76A7C1B31BA8EC9500116FE9;
					};
					76A7C1D21BA8EC9500116FE9 = {
						CreatedOnToolsVersion = 7.0;
						TestTargetID = 76A7C1B31BA8EC9500116FE9;
					};
				};
			};
			buildConfigurationList = 76A7C1AF1BA8EC9500116FE9 /* Build configuration list for PBXProject "assignment1" */;
			compatibilityVersion = "Xcode 3.2";
			developmentRegion = English;
			hasScannedForEncodings = 0;
			knownRegions = (
				en,
				Base,
			);
			mainGroup = 76A7C1AB1BA8EC9500116FE9;
			productRefGroup = 76A7C1B51BA8EC9500116FE9 /* Products */;
			projectDirPath = "";
			projectRoot = "";
			targets = (
				76A7C1B31BA8EC9500116FE9 /* assignment1 */,
				76A7C1C71BA8EC9500116FE9 /* assignment1Tests */,
				76A7C1D21BA8EC9500116FE9 /* assignment1UITests */,
			);
		};
/* End PBXProject section */

/* Begin PBXResourcesBuildPhase section */
		76A7C1B21BA8EC9500116FE9 /* Resources */ = {
			isa = PBXResourcesBuildPhase;
			buildActionMask = 2147483647;
			files = (
				76A7C1C21BA8EC9500116FE9 /* LaunchScreen.storyboard in Resources */,
				76A7C1BF1BA8EC9500116FE9 /* Assets.xcassets in Resources */,
				76A7C1BD1BA8EC9500116FE9 /* Main.storyboard in Resources */,
			);
			runOnlyForDeploymentPostprocessing = 0;
		};
		76A7C1C61BA8EC9500116FE9 /* Resources */ = {
			isa = PBXResourcesBuildPhase;
			buildActionMask = 2147483647;
			files = (
			);
			runOnlyForDeploymentPostprocessing = 0;
		};
		76A7C1D11BA8EC9500116FE9 /* Resources */ = {
			isa = PBXResourcesBuildPhase;
			buildActionMask = 2147483647;
			files = (
			);
			runOnlyForDeploymentPostprocessing = 0;
		};
/* End PBXResourcesBuildPhase section */

/* Begin PBXSourcesBuildPhase section */
		76A7C1B01BA8EC9500116FE9 /* Sources */ = {
			isa = PBXSourcesBuildPhase;
			buildActionMask = 2147483647;
			files = (
				76A7C1BA1BA8EC9500116FE9 /* ViewController.swift in Sources */,
				76A7C1B81BA8EC9500116FE9 /* AppDelegate.swift in Sources */,
			);
			runOnlyForDeploymentPostprocessing = 0;
		};
		76A7C1C41BA8EC9500116FE9 /* Sources */ = {
			isa = PBXSourcesBuildPhase;
			buildActionMask = 2147483647;
			files = (
				76A7C1CD1BA8EC9500116FE9 /* assignment1Tests.swift in Sources */,
			);
			runOnlyForDeploymentPostprocessing = 0;
		};
		76A7C1CF1BA8EC9500116FE9 /* Sources */ = {
			isa = PBXSourcesBuildPhase;
			buildActionMask = 2147483647;
			files = (
				76A7C1D81BA8EC9500116FE9 /* assignment1UITests.swift in Sources */,
			);
			runOnlyForDeploymentPostprocessing = 0;
		};
/* End PBXSourcesBuildPhase section */

/* Begin PBXTargetDependency section */
		76A7C1CA1BA8EC9500116FE9 /* PBXTargetDependency */ = {
			isa = PBXTargetDependency;
			target = 76A7C1B31BA8EC9500116FE9 /* assignment1 */;
			targetProxy = 76A7C1C91BA8EC9500116FE9 /* PBXContainerItemProxy */;
		};
		76A7C1D51BA8EC9500116FE9 /* PBXTargetDependency */ = {
			isa = PBXTargetDependency;
			target = 76A7C1B31BA8EC9500116FE9 /* assignment1 */;
			targetProxy = 76A7C1D41BA8EC9500116FE9 /* PBXContainerItemProxy */;
		};
/* End PBXTargetDependency section */

/* Begin PBXVariantGroup section */
		76A7C1BB1BA8EC9500116FE9 /* Main.storyboard */ = {
			isa = PBXVariantGroup;
			children = (
				76A7C1BC1BA8EC9500116FE9 /* Base */,
			);
			name = Main.storyboard;
			sourceTree = "<group>";
		};
		76A7C1C01BA8EC9500116FE9 /* LaunchScreen.storyboard */ = {
			isa = PBXVariantGroup;
			children = (
				76A7C1C11BA8EC9500116FE9 /* Base */,
			);
			name = LaunchScreen.storyboard;
			sourceTree = "<group>";
		};
/* End PBXVariantGroup section */

/* Begin XCBuildConfiguration section */
		76A7C1DA1BA8EC9500116FE9 /* Debug */ = {
			isa = XCBuildConfiguration;
			buildSettings = {
				ALWAYS_SEARCH_USER_PATHS = NO;
				CLANG_CXX_LANGUAGE_STANDARD = "gnu++0x";
				CLANG_CXX_LIBRARY = "libc++";
				CLANG_ENABLE_MODULES = YES;
				CLANG_ENABLE_OBJC_ARC = YES;
				CLANG_WARN_BOOL_CONVERSION = YES;
				CLANG_WARN_CONSTANT_CONVERSION = YES;
				CLANG_WARN_DIRECT_OBJC_ISA_USAGE = YES_ERROR;
				CLANG_WARN_EMPTY_BODY = YES;
				CLANG_WARN_ENUM_CONVERSION = YES;
				CLANG_WARN_INT_CONVERSION = YES;
				CLANG_WARN_OBJC_ROOT_CLASS = YES_ERROR;
				CLANG_WARN_UNREACHABLE_CODE = YES;
				CLANG_WARN__DUPLICATE_METHOD_MATCH = YES;
				"CODE_SIGN_IDENTITY[sdk=iphoneos*]" = "iPhone Developer";
				COPY_PHASE_STRIP = NO;
				DEBUG_INFORMATION_FORMAT = dwarf;
				ENABLE_STRICT_OBJC_MSGSEND = YES;
				ENABLE_TESTABILITY = YES;
				GCC_C_LANGUAGE_STANDARD = gnu99;
				GCC_DYNAMIC_NO_PIC = NO;
				GCC_NO_COMMON_BLOCKS = YES;
				GCC_OPTIMIZATION_LEVEL = 0;
				GCC_PREPROCESSOR_DEFINITIONS = (
					"DEBUG=1",
					"$(inherited)",
				);
				GCC_WARN_64_TO_32_BIT_CONVERSION = YES;
				GCC_WARN_ABOUT_RETURN_TYPE = YES_ERROR;
				GCC_WARN_UNDECLARED_SELECTOR = YES;
				GCC_WARN_UNINITIALIZED_AUTOS = YES_AGGRESSIVE;
				GCC_WARN_UNUSED_FUNCTION = YES;
				GCC_WARN_UNUSED_VARIABLE = YES;
				IPHONEOS_DEPLOYMENT_TARGET = 9.0;
				MTL_ENABLE_DEBUG_INFO = YES;
				ONLY_ACTIVE_ARCH = YES;
				SDKROOT = iphoneos;
				SWIFT_OPTIMIZATION_LEVEL = "-Onone";
			};
			name = Debug;
		};
		76A7C1DB1BA8EC9500116FE9 /* Release */ = {
			isa = XCBuildConfiguration;
			buildSettings = {
				ALWAYS_SEARCH_USER_PATHS = NO;
				CLANG_CXX_LANGUAGE_STANDARD = "gnu++0x";
				CLANG_CXX_LIBRARY = "libc++";
				CLANG_ENABLE_MODULES = YES;
				CLANG_ENABLE_OBJC_ARC = YES;
				CLANG_WARN_BOOL_CONVERSION = YES;
				CLANG_WARN_CONSTANT_CONVERSION = YES;
				CLANG_WARN_DIRECT_OBJC_ISA_USAGE = YES_ERROR;
				CLANG_WARN_EMPTY_BODY = YES;
				CLANG_WARN_ENUM_CONVERSION = YES;
				CLANG_WARN_INT_CONVERSION = YES;
				CLANG_WARN_OBJC_ROOT_CLASS = YES_ERROR;
				CLANG_WARN_UNREACHABLE_CODE = YES;
				CLANG_WARN__DUPLICATE_METHOD_MATCH = YES;
				"CODE_SIGN_IDENTITY[sdk=iphoneos*]" = "iPhone Developer";
				COPY_PHASE_STRIP = NO;
				DEBUG_INFORMATION_FORMAT = "dwarf-with-dsym";
				ENABLE_NS_ASSERTIONS = NO;
				ENABLE_STRICT_OBJC_MSGSEND = YES;
				GCC_C_LANGUAGE_STANDARD = gnu99;
				GCC_NO_COMMON_BLOCKS = YES;
				GCC_WARN_64_TO_32_BIT_CONVERSION = YES;
				GCC_WARN_ABOUT_RETURN_TYPE = YES_ERROR;
				GCC_WARN_UNDECLARED_SELECTOR = YES;
				GCC_WARN_UNINITIALIZED_AUTOS = YES_AGGRESSIVE;
				GCC_WARN_UNUSED_FUNCTION = YES;
				GCC_WARN_UNUSED_VARIABLE = YES;
				IPHONEOS_DEPLOYMENT_TARGET = 9.0;
				MTL_ENABLE_DEBUG_INFO = NO;
				SDKROOT = iphoneos;
				VALIDATE_PRODUCT = YES;
			};
			name = Release;
		};
		76A7C1DD1BA8EC9500116FE9 /* Debug */ = {
			isa = XCBuildConfiguration;
			buildSettings = {
				ASSETCATALOG_COMPILER_APPICON_NAME = AppIcon;
				INFOPLIST_FILE = assignment1/Info.plist;
				LD_RUNPATH_SEARCH_PATHS = "$(inherited) @executable_path/Frameworks";
				PRODUCT_BUNDLE_IDENTIFIER = "the-joy-machine.assignment1";
				PRODUCT_NAME = "$(TARGET_NAME)";
			};
			name = Debug;
		};
		76A7C1DE1BA8EC9500116FE9 /* Release */ = {
			isa = XCBuildConfiguration;
			buildSettings = {
				ASSETCATALOG_COMPILER_APPICON_NAME = AppIcon;
				INFOPLIST_FILE = assignment1/Info.plist;
				LD_RUNPATH_SEARCH_PATHS = "$(inherited) @executable_path/Frameworks";
				PRODUCT_BUNDLE_IDENTIFIER = "the-joy-machine.assignment1";
				PRODUCT_NAME = "$(TARGET_NAME)";
			};
			name = Release;
		};
		76A7C1E01BA8EC9500116FE9 /* Debug */ = {
			isa = XCBuildConfiguration;
			buildSettings = {
				BUNDLE_LOADER = "$(TEST_HOST)";
				INFOPLIST_FILE = assignment1Tests/Info.plist;
				LD_RUNPATH_SEARCH_PATHS = "$(inherited) @executable_path/Frameworks @loader_path/Frameworks";
				PRODUCT_BUNDLE_IDENTIFIER = "the-joy-machine.assignment1Tests";
				PRODUCT_NAME = "$(TARGET_NAME)";
				TEST_HOST = "$(BUILT_PRODUCTS_DIR)/assignment1.app/assignment1";
			};
			name = Debug;
		};
		76A7C1E11BA8EC9500116FE9 /* Release */ = {
			isa = XCBuildConfiguration;
			buildSettings = {
				BUNDLE_LOADER = "$(TEST_HOST)";
				INFOPLIST_FILE = assignment1Tests/Info.plist;
				LD_RUNPATH_SEARCH_PATHS = "$(inherited) @executable_path/Frameworks @loader_path/Frameworks";
				PRODUCT_BUNDLE_IDENTIFIER = "the-joy-machine.assignment1Tests";
				PRODUCT_NAME = "$(TARGET_NAME)";
				TEST_HOST = "$(BUILT_PRODUCTS_DIR)/assignment1.app/assignment1";
			};
			name = Release;
		};
		76A7C1E31BA8EC9500116FE9 /* Debug */ = {
			isa = XCBuildConfiguration;
			buildSettings = {
				INFOPLIST_FILE = assignment1UITests/Info.plist;
				LD_RUNPATH_SEARCH_PATHS = "$(inherited) @executable_path/Frameworks @loader_path/Frameworks";
				PRODUCT_BUNDLE_IDENTIFIER = "the-joy-machine.assignment1UITests";
				PRODUCT_NAME = "$(TARGET_NAME)";
				TEST_TARGET_NAME = assignment1;
				USES_XCTRUNNER = YES;
			};
			name = Debug;
		};
		76A7C1E41BA8EC9500116FE9 /* Release */ = {
			isa = XCBuildConfiguration;
			buildSettings = {
				INFOPLIST_FILE = assignment1UITests/Info.plist;
				LD_RUNPATH_SEARCH_PATHS = "$(inherited) @executable_path/Frameworks @loader_path/Frameworks";
				PRODUCT_BUNDLE_IDENTIFIER = "the-joy-machine.assignment1UITests";
				PRODUCT_NAME = "$(TARGET_NAME)";
				TEST_TARGET_NAME = assignment1;
				USES_XCTRUNNER = YES;
			};
			name = Release;
		};
/* End XCBuildConfiguration section */

/* Begin XCConfigurationList section */
		76A7C1AF1BA8EC9500116FE9 /* Build configuration list for PBXProject "assignment1" */ = {
			isa = XCConfigurationList;
			buildConfigurations = (
				76A7C1DA1BA8EC9500116FE9 /* Debug */,
				76A7C1DB1BA8EC9500116FE9 /* Release */,
			);
			defaultConfigurationIsVisible = 0;
			defaultConfigurationName = Release;
		};
		76A7C1DC1BA8EC9500116FE9 /* Build configuration list for PBXNativeTarget "assignment1" */ = {
			isa = XCConfigurationList;
			buildConfigurations = (
				76A7C1DD1BA8EC9500116FE9 /* Debug */,
				76A7C1DE1BA8EC9500116FE9 /* Release */,
			);
			defaultConfigurationIsVisible = 0;
		};
		76A7C1DF1BA8EC9500116FE9 /* Build configuration list for PBXNativeTarget "assignment1Tests" */ = {
			isa = XCConfigurationList;
			buildConfigurations = (
				76A7C1E01BA8EC9500116FE9 /* Debug */,
				76A7C1E11BA8EC9500116FE9 /* Release */,
			);
			defaultConfigurationIsVisible = 0;
		};
		76A7C1E21BA8EC9500116FE9 /* Build configuration list for PBXNativeTarget "assignment1UITests" */ = {
			isa = XCConfigurationList;
			buildConfigurations = (
				76A7C1E31BA8EC9500116FE9 /* Debug */,
				76A7C1E41BA8EC9500116FE9 /* Release */,
			);
			defaultConfigurationIsVisible = 0;
		};
/* End XCConfigurationList section */
	};
	rootObject = 76A7C1AC1BA8EC9500116FE9 /* Project object */;
}
